version = 1
revision = 3
requires-python = ">=3.12"

[[package]]
name = "allure-pytest"
version = "2.13.5"
source = { registry = "https://pypi.org/simple" }
dependencies = [
    { name = "allure-python-commons" },
    { name = "pytest" },
]
sdist = { url = "https://files.pythonhosted.org/packages/2b/c3/829a300b72557e9327fa72692b62917dab3ad5bab678962ea84c066d4eef/allure-pytest-2.13.5.tar.gz", hash = "sha256:0ef8e1790c44a988db6b83c4d4f5e91451e2c4c8ea10601dfa88528d23afcf6e", size = 16976, upload-time = "2024-04-01T16:51:19.279Z" }
wheels = [
    { url = "https://files.pythonhosted.org/packages/69/7b/430830ed7bf1ef078f9e55eb4b19cc059ef5310a20b5bd73eeb99e2c5ff1/allure_pytest-2.13.5-py3-none-any.whl", hash = "sha256:94130bac32964b78058e62cf4b815ad97a5ac82a065e6dd2d43abac2be7640fc", size = 11606, upload-time = "2024-04-01T16:51:17.882Z" },
]

[[package]]
name = "allure-python-commons"
version = "2.13.5"
source = { registry = "https://pypi.org/simple" }
dependencies = [
    { name = "attrs" },
    { name = "pluggy" },
]
sdist = { url = "https://files.pythonhosted.org/packages/2d/96/9991a10dcd25b98c8c3e4c7916780f33f13a55a0efbe8c7ea96505271d91/allure-python-commons-2.13.5.tar.gz", hash = "sha256:a232e7955811f988e49a4c1dd6c16cce7e9b81d0ea0422b1e5654d3254e2caf3", size = 12934, upload-time = "2024-04-01T16:51:03.711Z" }
wheels = [
    { url = "https://files.pythonhosted.org/packages/d0/18/79a66d6adc301281803398f7288583dff8d1d3f2672c07ffab03ee12c7cd/allure_python_commons-2.13.5-py3-none-any.whl", hash = "sha256:8b0e837b6e32d810adec563f49e1d04127a5b6770e0232065b7cb09b9953980d", size = 15715, upload-time = "2024-04-01T16:51:02.336Z" },
]

[[package]]
name = "attrs"
version = "24.3.0"
source = { registry = "https://pypi.org/simple" }
sdist = { url = "https://files.pythonhosted.org/packages/48/c8/6260f8ccc11f0917360fc0da435c5c9c7504e3db174d5a12a1494887b045/attrs-24.3.0.tar.gz", hash = "sha256:8f5c07333d543103541ba7be0e2ce16eeee8130cb0b3f9238ab904ce1e85baff", size = 805984, upload-time = "2024-12-16T06:59:29.899Z" }
wheels = [
    { url = "https://files.pythonhosted.org/packages/89/aa/ab0f7891a01eeb2d2e338ae8fecbe57fcebea1a24dbb64d45801bfab481d/attrs-24.3.0-py3-none-any.whl", hash = "sha256:ac96cd038792094f438ad1f6ff80837353805ac950cd2aa0e0625ef19850c308", size = 63397, upload-time = "2024-12-16T06:59:26.977Z" },
]

[[package]]
name = "certifi"
version = "2026.7.22"
source = { registry = "https://pypi.org/simple" }
sdist = { url = "https://files.pythonhosted.org/packages/a3/c2/24167ea9858356b47a87a50d39908bfdb72ceeefe0041586e704e5376b3a/certifi-2026.7.22.tar.gz", hash = "sha256:741e2c3b351ddf169a738da9f2c048608ff7f2c5cc02f1ebc6b118bb090d5d55", size = 138112, upload-time = "2026-07-22T03:35:12.644Z" }
wheels = [
    { url = "https://files.pythonhosted.org/packages/0b/a7/71ac2cff56fec219ed242bb11b8efb69fcc4bec75db06fb7bfe35de520e6/certifi-2026.7.22-py3-none-any.whl", hash = "sha256:62f22742b58a1a33014a2b6b706588a8d7e2a88ae7bd1a6ebe8c992928483775", size = 136983, upload-time = "2026-07-22T03:35:11.276Z" },
]

[[package]]
name = "cffi"
version = "1.17.1"
source = { registry = "https://pypi.org/simple" }
dependencies = [
    { name = "pycparser" },
]
sdist = { url = "https://files.pythonhosted.org/packages/fc/97/c783634659c2920c3fc70419e3af40972dbaf758daa229a7d6ea6135c90d/cffi-1.17.1.tar.gz", hash = "sha256:1c39c6016c32bc48dd54561950ebd6836e1670f2ae46128f67cf49e789c52824", size = 516621, upload-time = "2024-09-04T20:45:21.852Z" }
wheels = [
    { url = "https://files.pythonhosted.org/packages/86/c5/28b2d6f799ec0bdecf44dced2ec5ed43e0eb63097b0f58c293583b406582/cffi-1.17.1-cp312-cp312-win32.whl", hash = "sha256:a08d7e755f8ed21095a310a693525137cfe756ce62d066e53f502a83dc550f65", size = 172448, upload-time = "2024-09-04T20:44:26.208Z" },
    { url = "https://files.pythonhosted.org/packages/50/b9/db34c4755a7bd1cb2d1603ac3863f22bcecbd1ba29e5ee841a4bc510b294/cffi-1.17.1-cp312-cp312-win_amd64.whl", hash = "sha256:51392eae71afec0d0c8fb1a53b204dbb3bcabcb3c9b807eedf3e1e6ccf2de903", size = 181976, upload-time = "2024-09-04T20:44:27.578Z" },
    { url = "https://files.pythonhosted.org/packages/bf/ee/f94057fa6426481d663b88637a9a10e859e492c73d0384514a17d78ee205/cffi-1.17.1-cp313-cp313-win32.whl", hash = "sha256:e03eab0a8677fa80d646b5ddece1cbeaf556c313dcfac435ba11f107ba117b5d", size = 172475, upload-time = "2024-09-04T20:44:43.733Z" },
    { url = "https://files.pythonhosted.org/packages/7c/fc/6a8cb64e5f0324877d503c854da15d76c1e50eb722e320b15345c4d0c6de/cffi-1.17.1-cp313-cp313-win_amd64.whl", hash = "sha256:f6a16c31041f09ead72d69f583767292f750d24913dadacf5756b966aacb3f1a", size = 182009, upload-time = "2024-09-04T20:44:45.309Z" },
]

[[package]]
name = "charset-normalizer"
version = "3.3.2"
source = { registry = "https://pypi.org/simple" }
sdist = { url = "https://files.pythonhosted.org/packages/63/09/c1bc53dab74b1816a00d8d030de5bf98f724c52c1635e07681d312f20be8/charset-normalizer-3.3.2.tar.gz", hash = "sha256:f30c3cb33b24454a82faecaf01b19c18562b1e89558fb6c56de4d9118a032fd5", size = 104809, upload-time = "2023-11-01T04:04:59.997Z" }
wheels = [
    { url = "https://files.pythonhosted.org/packages/d1/b2/fcedc8255ec42afee97f9e6f0145c734bbe104aac28300214593eb326f1d/charset_normalizer-3.3.2-cp312-cp312-macosx_10_9_universal2.whl", hash = "sha256:0b2b64d2bb6d3fb9112bafa732def486049e63de9618b5843bcdd081d8144cd8", size = 192892, upload-time = "2023-11-01T04:03:24.135Z" },
    { url = "https://files.pythonhosted.org/packages/2e/7d/2259318c202f3d17f3fe6438149b3b9e706d1070fe3fcbb28049730bb25c/charset_normalizer-3.3.2-cp312-cp312-macosx_10_9_x86_64.whl", hash = "sha256:ddbb2551d7e0102e7252db79ba445cdab71b26640817ab1e3e3648dad515003b", size = 122213, upload-time = "2023-11-01T04:03:25.66Z" },
    { url = "https://files.pythonhosted.org/packages/3a/52/9f9d17c3b54dc238de384c4cb5a2ef0e27985b42a0e5cc8e8a31d918d48d/charset_normalizer-3.3.2-cp312-cp312-macosx_11_0_arm64.whl", hash = "sha256:55086ee1064215781fff39a1af09518bc9255b50d6333f2e4c74ca09fac6a8f6", size = 119404, upload-time = "2023-11-01T04:03:27.04Z" },
    { url = "https://files.pythonhosted.org/packages/99/b0/9c365f6d79a9f0f3c379ddb40a256a67aa69c59609608fe7feb6235896e1/charset_normalizer-3.3.2-cp312-cp312-manylinux_2_17_aarch64.manylinux2014_aarch64.whl", hash = "sha256:8f4a014bc36d3c57402e2977dada34f9c12300af536839dc38c0beab8878f38a", size = 137275, upload-time = "2023-11-01T04:03:28.466Z" },
    { url = "https://files.pythonhosted.org/packages/91/33/749df346e93d7a30cdcb90cbfdd41a06026317bfbfb62cd68307c1a3c543/charset_normalizer-3.3.2-cp312-cp312-manylinux_2_17_ppc64le.manylinux2014_ppc64le.whl", hash = "sha256:a10af20b82360ab00827f916a6058451b723b4e65030c5a18577c8b2de5b3389", size = 147518, upload-time = "2023-11-01T04:03:29.82Z" },
    { url = "https://files.pythonhosted.org/packages/72/1a/641d5c9f59e6af4c7b53da463d07600a695b9824e20849cb6eea8a627761/charset_normalizer-3.3.2-cp312-cp312-manylinux_2_17_s390x.manylinux2014_s390x.whl", hash = "sha256:8d756e44e94489e49571086ef83b2bb8ce311e730092d2c34ca8f7d925cb20aa", size = 140182, upload-time = "2023-11-01T04:03:31.511Z" },
    { url = "https://files.pythonhosted.org/packages/ee/fb/14d30eb4956408ee3ae09ad34299131fb383c47df355ddb428a7331cfa1e/charset_normalizer-3.3.2-cp312-cp312-manylinux_2_17_x86_64.manylinux2014_x86_64.whl", hash = "sha256:90d558489962fd4918143277a773316e56c72da56ec7aa3dc3dbbe20fdfed15b", size = 141869, upload-time = "2023-11-01T04:03:32.887Z" },
    { url = "https://files.pythonhosted.org/packages/df/3e/a06b18788ca2eb6695c9b22325b6fde7dde0f1d1838b1792a0076f58fe9d/charset_normalizer-3.3.2-cp312-cp312-manylinux_2_5_i686.manylinux1_i686.manylinux_2_17_i686.manylinux2014_i686.whl", hash = "sha256:6ac7ffc7ad6d040517be39eb591cac5ff87416c2537df6ba3cba3bae290c0fed", size = 144042, upload-time = "2023-11-01T04:03:34.412Z" },
    { url = "https://files.pythonhosted.org/packages/45/59/3d27019d3b447a88fe7e7d004a1e04be220227760264cc41b405e863891b/charset_normalizer-3.3.2-cp312-cp312-musllinux_1_1_aarch64.whl", hash = "sha256:7ed9e526742851e8d5cc9e6cf41427dfc6068d4f5a3bb03659444b4cabf6bc26", size = 138275, upload-time = "2023-11-01T04:03:35.759Z" },
    { url = "https://files.pythonhosted.org/packages/7b/ef/5eb105530b4da8ae37d506ccfa25057961b7b63d581def6f99165ea89c7e/charset_normalizer-3.3.2-cp312-cp312-musllinux_1_1_i686.whl", hash = "sha256:8bdb58ff7ba23002a4c5808d608e4e6c687175724f54a5dade5fa8c67b604e4d", size = 144819, upload-time = "2023-11-01T04:03:37.216Z" },
    { url = "https://files.pythonhosted.org/packages/a2/51/e5023f937d7f307c948ed3e5c29c4b7a3e42ed2ee0b8cdf8f3a706089bf0/charset_normalizer-3.3.2-cp312-cp312-musllinux_1_1_ppc64le.whl", hash = "sha256:6b3251890fff30ee142c44144871185dbe13b11bab478a88887a639655be1068", size = 149415, upload-time = "2023-11-01T04:03:38.694Z" },
    { url = "https://files.pythonhosted.org/packages/24/9d/2e3ef673dfd5be0154b20363c5cdcc5606f35666544381bee15af3778239/charset_normalizer-3.3.2-cp312-cp312-musllinux_1_1_s390x.whl", hash = "sha256:b4a23f61ce87adf89be746c8a8974fe1c823c891d8f86eb218bb957c924bb143", size = 141212, upload-time = "2023-11-01T04:03:40.07Z" },
    { url = "https://files.pythonhosted.org/packages/5b/ae/ce2c12fcac59cb3860b2e2d76dc405253a4475436b1861d95fe75bdea520/charset_normalizer-3.3.2-cp312-cp312-musllinux_1_1_x86_64.whl", hash = "sha256:efcb3f6676480691518c177e3b465bcddf57cea040302f9f4e6e191af91174d4", size = 142167, upload-time = "2023-11-01T04:03:41.491Z" },
    { url = "https://files.pythonhosted.org/packages/ed/3a/a448bf035dce5da359daf9ae8a16b8a39623cc395a2ffb1620aa1bce62b0/charset_normalizer-3.3.2-cp312-cp312-win32.whl", hash = "sha256:d965bba47ddeec8cd560687584e88cf699fd28f192ceb452d1d7ee807c5597b7", size = 93041, upload-time = "2023-11-01T04:03:42.836Z" },
    { url = "https://files.pythonhosted.org/packages/b6/7c/8debebb4f90174074b827c63242c23851bdf00a532489fba57fef3416e40/charset_normalizer-3.3.2-cp312-cp312-win_amd64.whl", hash = "sha256:96b02a3dc4381e5494fad39be677abcb5e6634bf7b4fa83a6dd3112607547001", size = 100397, upload-time = "2023-11-01T04:03:44.467Z" },
    { url = "https://files.pythonhosted.org/packages/28/76/e6222113b83e3622caa4bb41032d0b1bf785250607392e1b778aca0b8a7d/charset_normalizer-3.3.2-py3-none-any.whl", hash = "sha256:3e4d1f6587322d2788836a99c69062fbb091331ec940e02d12d179c1d53e25fc", size = 48543, upload-time = "2023-11-01T04:04:58.622Z" },
]

[[package]]
name = "colorama"
version = "0.4.6"
source = { registry = "https://pypi.org/simple" }
sdist = { url = "https://files.pythonhosted.org/packages/d8/53/6f443c9a4a8358a93a6792e2acffb9d9d5cb0a5cfd8802644b7b1c9a02e4/colorama-0.4.6.tar.gz", hash = "sha256:08695f5cb7ed6e0531a20572697297273c47b8cae5a63ffc6d6ed5c201be6e44", size = 27697, upload-time = "2022-10-25T02:36:22.414Z" }
wheels = [
    { url = "https://files.pythonhosted.org/packages/d1/d6/3965ed04c63042e047cb6a3e6ed1a63a35087b6a609aa3a15ed8ac56c221/colorama-0.4.6-py2.py3-none-any.whl", hash = "sha256:4f1d9991f5acc0ca119f9d443620b77f9d6b33703e51011c16baf57afb285fc6", size = 25335, upload-time = "2022-10-25T02:36:20.889Z" },
]

[[package]]
name = "h11"
version = "0.16.0"
source = { registry = "https://pypi.org/simple" }
sdist = { url = "https://files.pythonhosted.org/packages/01/ee/02a2c011bdab74c6fb3c75474d40b3052059d95df7e73351460c8588d963/h11-0.16.0.tar.gz", hash = "sha256:4e35b956cf45792e4caa5885e69fba00bdbc6ffafbfa020300e549b208ee5ff1", size = 101250, upload-time = "2025-04-24T03:35:25.427Z" }
wheels = [
    { url = "https://files.pythonhosted.org/packages/04/4b/29cac41a4d98d144bf5f6d33995617b185d14b22401f75ca86f384e87ff1/h11-0.16.0-py3-none-any.whl", hash = "sha256:63cf8bbe7522de3bf65932fda1d9c2772064ffb3dae62d55932da54b31cb6c86", size = 37515, upload-time = "2025-04-24T03:35:24.344Z" },
]

[[package]]
name = "idna"
version = "3.8"
source = { registry = "https://pypi.org/simple" }
sdist = { url = "https://files.pythonhosted.org/packages/e8/ac/e349c5e6d4543326c6883ee9491e3921e0d07b55fdf3cce184b40d63e72a/idna-3.8.tar.gz", hash = "sha256:d838c2c0ed6fced7693d5e8ab8e734d5f8fda53a039c0164afb0b82e771e3603", size = 189467, upload-time = "2024-08-23T16:01:51.339Z" }
wheels = [
    { url = "https://files.pythonhosted.org/packages/22/7e/d71db821f177828df9dea8c42ac46473366f191be53080e552e628aad991/idna-3.8-py3-none-any.whl", hash = "sha256:050b4e5baadcd44d760cedbd2b8e639f2ff89bbc7a5730fcc662954303377aac", size = 66894, upload-time = "2024-08-23T16:01:49.963Z" },
]

[[package]]
name = "iniconfig"
version = "2.0.0"
source = { registry = "https://pypi.org/simple" }
sdist = { url = "https://files.pythonhosted.org/packages/d7/4b/cbd8e699e64a6f16ca3a8220661b5f83792b3017d0f79807cb8708d33913/iniconfig-2.0.0.tar.gz", hash = "sha256:2d91e135bf72d31a410b17c16da610a82cb55f6b0477d1a902134b24a455b8b3", size = 4646, upload-time = "2023-01-07T11:08:11.254Z" }
wheels = [
    { url = "https://files.pythonhosted.org/packages/ef/a6/62565a6e1cf69e10f5727360368e451d4b7f58beeac6173dc9db836a5b46/iniconfig-2.0.0-py3-none-any.whl", hash = "sha256:b6a85871a79d2e3b22d2d1b94ac2824226a63c6b741c88f7ae975f18b6778374", size = 5892, upload-time = "2023-01-07T11:08:09.864Z" },
]

[[package]]
name = "mysql-connector-python"
version = "9.7.0"
source = { registry = "https://pypi.org/simple" }
sdist = { url = "https://files.pythonhosted.org/packages/26/c9/a9446dbebbcdf7d828d0a3be9049607eab6eeffb4e46ef1ee8ac304baede/mysql_connector_python-9.7.0.tar.gz", hash = "sha256:933887e71c871b6e9d8908459fe8303ebcf8feb5cc1e1c49caa6490e525cf78e", size = 12254829, upload-time = "2026-04-30T07:55:39.797Z" }
wheels = [
    { url = "https://files.pythonhosted.org/packages/6b/2d/3fb86f8646c07c32b58e9f5bf0975472c62d07efd9e0918f2b5b64ef1f20/mysql_connector_python-9.7.0-cp312-cp312-macosx_14_0_arm64.whl", hash = "sha256:2eae45230b5cbd783d68bdfe8b05ad9b4ebd06799f8d302a6169d7f025572baf", size = 20270146, upload-time = "2026-04-30T07:54:12.214Z" },
    { url = "https://files.pythonhosted.org/packages/e8/87/f25195a824e8eb33f51113d85ff5bc3a3ec0430f6a537198d7d1a82fa1b4/mysql_connector_python-9.7.0-cp312-cp312-macosx_14_0_x86_64.whl", hash = "sha256:15106ed73d74487f86de6b1859ff7f362efca7c7f9c494497ccb7439d3139fe6", size = 19830228, upload-time = "2026-04-30T07:54:14.498Z" },
    { url = "https://files.pythonhosted.org/packages/2a/b0/f1ffcc88781a7099a8f32ec61a70d53f83432fd0c1f7be349d44810b65d5/mysql_connector_python-9.7.0-cp312-cp312-manylinux_2_28_aarch64.whl", hash = "sha256:45491d4ce56722cb335e6d0bde2d4f4a98b7073421bd02a04ad5e6220d69e499", size = 21925372, upload-time = "2026-04-30T07:54:16.732Z" },
    { url = "https://files.pythonhosted.org/packages/ae/6a/5488a05a7c56eac2ef127f5f74ccf604cc659d33616a3d48eb82ce35f1f5/mysql_connector_python-9.7.0-cp312-cp312-manylinux_2_28_x86_64.whl", hash = "sha256:d5924a76b530159c02f2fe8da4d3c6377ce1f5e195827e8ecbd36124673651d3", size = 21695866, upload-time = "2026-04-30T07:54:19.031Z" },
    { url = "https://files.pythonhosted.org/packages/6f/f5/9b07250bc98c7abae0e538423fe8a2fda0f799c606dbe82014412299340c/mysql_connector_python-9.7.0-cp313-cp313-macosx_14_0_arm64.whl", hash = "sha256:e3842ecd62391a28c1dda5eb817f40418715e68482a8c146b3c478ac8bb7a23f", size = 20270283, upload-time = "2026-04-30T07:54:21.23Z" },
    { url = "https://files.pythonhosted.org/packages/3c/2e/70a1549a52add00775e073fdd7b7b57c21a330ea6f01b26ea8ef0ac3dba8/mysql_connector_python-9.7.0-cp313-cp313-macosx_14_0_x86_64.whl", hash = "sha256:9da73e212bb08e4df286506ffbda943063bbce448375a7db29748bb367f4e0af", size = 19830388, upload-time = "2026-04-30T07:54:23.51Z" },
    { url = "https://files.pythonhosted.org/packages/81/f1/ef64f3c715f55d238ac56b0e0278408501ddc60aa62affa056eab167e28c/mysql_connector_python-9.7.0-cp313-cp313-manylinux_2_28_aarch64.whl", hash = "sha256:39bf31cdbe920eae08801eb829584dc27f70dadbdb3a5c3b78402f54cea87ab0", size = 21925396, upload-time = "2026-04-30T07:54:25.657Z" },
    { url = "https://files.pythonhosted.org/packages/2d/17/e957dad49741680b7d0f69aef2b2144b22061c50581aaf0022ccf8de7e38/mysql_connector_python-9.7.0-cp313-cp313-manylinux_2_28_x86_64.whl", hash = "sha256:236a4b8abfac8217517ce9e9edc735decf55282ada3890b3cd33770009f33d68", size = 21695834, upload-time = "2026-04-30T07:54:28.179Z" },
    { url = "https://files.pythonhosted.org/packages/08/b6/bc9018fb02748ef83acbabbb4ef8467162cf39fc207e4e575595ffe22fd0/mysql_connector_python-9.7.0-cp313-cp313-win_amd64.whl", hash = "sha256:229ffce2333b88b59f8f034881e12dc85b309615338be9f843ed63923db99d52", size = 17678686, upload-time = "2026-04-30T07:54:30.317Z" },
    { url = "https://files.pythonhosted.org/packages/46/db/453c6916b4b1cad6c8e56631e67f81e0d01b52690de541894728c2122f70/mysql_connector_python-9.7.0-cp314-cp314-macosx_14_0_arm64.whl", hash = "sha256:9e17ceb79c1c4c137a5994f8ca8c6a1ce8ebf83eda3ccc21dd67f2c1398680f0", size = 20270277, upload-time = "2026-04-30T07:54:32.628Z" },
    { url = "https://files.pythonhosted.org/packages/d7/6d/3ff4dc01806511a3741764eafd5c28b73de18d3a3dfb391d4e4cfe51e1ca/mysql_connector_python-9.7.0-cp314-cp314-macosx_14_0_x86_64.whl", hash = "sha256:272c4e8263f6a514e4ae65e9553ed214fc9d4cf1f0f6bedca30def20c2ae1d52", size = 19830318, upload-time = "2026-04-30T07:54:34.952Z" },
    { url = "https://files.pythonhosted.org/packages/3e/79/b55c8f84a86071e5038567849c9cae4e3c96b211ce843c0f1808528bc202/mysql_connector_python-9.7.0-cp314-cp314-manylinux_2_28_aarch64.whl", hash = "sha256:9549a2974353407427b574f005c92f03972e303182b4c3b4a272bf4ca10855ed", size = 21924702, upload-time = "2026-04-30T07:54:37.418Z" },
    { url = "https://files.pythonhosted.org/packages/61/3e/2ab7a525209826bde620f9029b2c8f340a16b4151384813827477d475569/mysql_connector_python-9.7.0-cp314-cp314-manylinux_2_28_x86_64.whl", hash = "sha256:ea4e05ab864ab8b0b5066d885d89ca51e5ba1320dba520c20a6f9388a8eca022", size = 21696426, upload-time = "2026-04-30T07:54:39.938Z" },
    { url = "https://files.pythonhosted.org/packages/af/94/e370c40a6863752ba6886f20b960284daeef78b2a0e23f38d141b4aa7e76/mysql_connector_python-9.7.0-cp314-cp314-win_amd64.whl", hash = "sha256:5a5abbc152bc28cb2e64a04605ecd9941eff6b0dc5f9528cb84adb873e9a1e49", size = 18197576, upload-time = "2026-04-30T07:54:42.041Z" },
    { url = "https://files.pythonhosted.org/packages/38/55/4ebb602d270108ea6e81ccdfe4aa0a511fedffdc3ef6c193ac9ff76402fe/mysql_connector_python-9.7.0-py2.py3-none-any.whl", hash = "sha256:af80b1e7179d5c2d983cf62470ad9b134a7e9ef05cf31108ae587f15873530cc", size = 480646, upload-time = "2026-04-30T07:54:43.82Z" },
]

[[package]]
name = "outcome"
version = "1.3.0.post0"
source = { registry = "https://pypi.org/simple" }
dependencies = [
    { name = "attrs" },
]
sdist = { url = "https://files.pythonhosted.org/packages/98/df/77698abfac98571e65ffeb0c1fba8ffd692ab8458d617a0eed7d9a8d38f2/outcome-1.3.0.post0.tar.gz", hash = "sha256:9dcf02e65f2971b80047b377468e72a268e15c0af3cf1238e6ff14f7f91143b8", size = 21060, upload-time = "2023-10-26T04:26:04.361Z" }
wheels = [
    { url = "https://files.pythonhosted.org/packages/55/8b/5ab7257531a5d830fc8000c476e63c935488d74609b50f9384a643ec0a62/outcome-1.3.0.post0-py2.py3-none-any.whl", hash = "sha256:e771c5ce06d1415e356078d3bdd68523f284b4ce5419828922b6871e65eda82b", size = 10692, upload-time = "2023-10-26T04:26:02.532Z" },
]

[[package]]
name = "packaging"
version = "24.1"
source = { registry = "https://pypi.org/simple" }
sdist = { url = "https://files.pythonhosted.org/packages/51/65/50db4dda066951078f0a96cf12f4b9ada6e4b811516bf0262c0f4f7064d4/packaging-24.1.tar.gz", hash = "sha256:026ed72c8ed3fcce5bf8950572258698927fd1dbda10a5e981cdf0ac37f4f002", size = 148788, upload-time = "2024-06-09T23:19:24.956Z" }
wheels = [
    { url = "https://files.pythonhosted.org/packages/08/aa/cc0199a5f0ad350994d660967a8efb233fe0416e4639146c089643407ce6/packaging-24.1-py3-none-any.whl", hash = "sha256:5b8f2217dbdbd2f7f384c41c628544e6d52f2d0f53c6d0c3ea61aa5d1d7ff124", size = 53985, upload-time = "2024-06-09T23:19:21.909Z" },
]

[[package]]
name = "pluggy"
version = "1.5.0"
source = { registry = "https://pypi.org/simple" }
sdist = { url = "https://files.pythonhosted.org/packages/96/2d/02d4312c973c6050a18b314a5ad0b3210edb65a906f868e31c111dede4a6/pluggy-1.5.0.tar.gz", hash = "sha256:2cffa88e94fdc978c4c574f15f9e59b7f4201d439195c3715ca9e2486f1d0cf1", size = 67955, upload-time = "2024-04-20T21:34:42.531Z" }
wheels = [
    { url = "https://files.pythonhosted.org/packages/88/5f/e351af9a41f866ac3f1fac4ca0613908d9a41741cfcf2228f4ad853b697d/pluggy-1.5.0-py3-none-any.whl", hash = "sha256:44e1ad92c8ca002de6377e165f3e0f1be63266ab4d554740532335b9d75ea669", size = 20556, upload-time = "2024-04-20T21:34:40.434Z" },
]

[[package]]
name = "pycparser"
version = "2.22"
source = { registry = "https://pypi.org/simple" }
sdist = { url = "https://files.pythonhosted.org/packages/1d/b2/31537cf4b1ca988837256c910a668b553fceb8f069bedc4b1c826024b52c/pycparser-2.22.tar.gz", hash = "sha256:491c8be9c040f5390f5bf44a5b07752bd07f56edf992381b05c701439eec10f6", size = 172736, upload-time = "2024-03-30T13:22:22.564Z" }
wheels = [
    { url = "https://files.pythonhosted.org/packages/13/a3/a812df4e2dd5696d1f351d58b8fe16a405b234ad2886a0dab9183fb78109/pycparser-2.22-py3-none-any.whl", hash = "sha256:c3702b6d3dd8c7abc1afa565d7e63d53a1d0bd86cdc24edd75470f4de499cfcc", size = 117552, upload-time = "2024-03-30T13:22:20.476Z" },
]

[[package]]
name = "pysocks"
version = "1.7.1"
source = { registry = "https://pypi.org/simple" }
sdist = { url = "https://files.pythonhosted.org/packages/bd/11/293dd436aea955d45fc4e8a35b6ae7270f5b8e00b53cf6c024c83b657a11/PySocks-1.7.1.tar.gz", hash = "sha256:3f8804571ebe159c380ac6de37643bb4685970655d3bba243530d6558b799aa0", size = 284429, upload-time = "2019-09-20T02:07:35.714Z" }
wheels = [
    { url = "https://files.pythonhosted.org/packages/8d/59/b4572118e098ac8e46e399a1dd0f2d85403ce8bbaad9ec79373ed6badaf9/PySocks-1.7.1-py3-none-any.whl", hash = "sha256:2725bd0a9925919b9b51739eea5f9e2bae91e83288108a9ad338b2e3a4435ee5", size = 16725, upload-time = "2019-09-20T02:06:22.938Z" },
]

[[package]]
name = "pytest"
version = "8.3.2"
source = { registry = "https://pypi.org/simple" }
dependencies = [
    { name = "colorama", marker = "sys_platform == 'win32'" },
    { name = "iniconfig" },
    { name = "packaging" },
    { name = "pluggy" },
]
sdist = { url = "https://files.pythonhosted.org/packages/b4/8c/9862305bdcd6020bc7b45b1b5e7397a6caf1a33d3025b9a003b39075ffb2/pytest-8.3.2.tar.gz", hash = "sha256:c132345d12ce551242c87269de812483f5bcc87cdbb4722e48487ba194f9fdce", size = 1439314, upload-time = "2024-07-25T10:40:00.159Z" }
wheels = [
    { url = "https://files.pythonhosted.org/packages/0f/f9/cf155cf32ca7d6fa3601bc4c5dd19086af4b320b706919d48a4c79081cf9/pytest-8.3.2-py3-none-any.whl", hash = "sha256:4ba08f9ae7dcf84ded419494d229b48d0903ea6407b030eaec46df5e6a73bba5", size = 341802, upload-time = "2024-07-25T10:39:57.834Z" },
]

[[package]]
name = "requests"
version = "2.32.3"
source = { registry = "https://pypi.org/simple" }
dependencies = [
    { name = "certifi" },
    { name = "charset-normalizer" },
    { name = "idna" },
    { name = "urllib3" },
]
sdist = { url = "https://files.pythonhosted.org/packages/63/70/2bf7780ad2d390a8d301ad0b550f1581eadbd9a20f896afe06353c2a2913/requests-2.32.3.tar.gz", hash = "sha256:55365417734eb18255590a9ff9eb97e9e1da868d4ccd6402399eaf68af20a760", size = 131218, upload-time = "2024-05-29T15:37:49.536Z" }
wheels = [
    { url = "https://files.pythonhosted.org/packages/f9/9b/335f9764261e915ed497fcdeb11df5dfd6f7bf257d4a6a2a686d80da4d54/requests-2.32.3-py3-none-any.whl", hash = "sha256:70761cfe03c773ceb22aa2f671b4757976145175cdfca038c02654d061d6dcc6", size = 64928, upload-time = "2024-05-29T15:37:47.027Z" },
]

[[package]]
name = "selenium"
version = "4.46.0"
source = { registry = "https://pypi.org/simple" }
dependencies = [
    { name = "certifi" },
    { name = "trio" },
    { name = "trio-websocket" },
    { name = "typing-extensions" },
    { name = "urllib3", extra = ["socks"] },
    { name = "websocket-client" },
]
sdist = { url = "https://files.pythonhosted.org/packages/a0/53/053df98ef0c38535a74ea732217eb2dbfddc7ff5442a47a4b315ba577f85/selenium-4.46.0.tar.gz", hash = "sha256:54f7e1a4df5f7508ac8c38ce2ea584db1b27083dd79962b22524219219df5cbe", size = 1006000, upload-time = "2026-07-11T00:38:41.11Z" }
wheels = [
    { url = "https://files.pythonhosted.org/packages/30/f4/365c723a37c7e9ba6a6a19bf0c9e407137703f56a72c6201d0e4cb1432cb/selenium-4.46.0-py3-none-any.whl", hash = "sha256:f03e864770a21ab32009961c9d015cb2c6275eba45c926c272e02d90af423aad", size = 9428587, upload-time = "2026-07-11T00:38:38.84Z" },
]

[[package]]
name = "sniffio"
version = "1.3.1"
source = { registry = "https://pypi.org/simple" }
sdist = { url = "https://files.pythonhosted.org/packages/a2/87/a6771e1546d97e7e041b6ae58d80074f81b7d5121207425c964ddf5cfdbd/sniffio-1.3.1.tar.gz", hash = "sha256:f4324edc670a0f49750a81b895f35c3adb843cca46f0530f79fc1babb23789dc", size = 20372, upload-time = "2024-02-25T23:20:04.057Z" }
wheels = [
    { url = "https://files.pythonhosted.org/packages/e9/44/75a9c9421471a6c4805dbf2356f7c181a29c1879239abab1ea2cc8f38b40/sniffio-1.3.1-py3-none-any.whl", hash = "sha256:2f6da418d1f1e0fddd844478f41680e794e6051915791a034ff65e5f100525a2", size = 10235, upload-time = "2024-02-25T23:20:01.196Z" },
]

[[package]]
name = "sortedcontainers"
version = "2.4.0"
source = { registry = "https://pypi.org/simple" }
sdist = { url = "https://files.pythonhosted.org/packages/e8/c4/ba2f8066cceb6f23394729afe52f3bf7adec04bf9ed2c820b39e19299111/sortedcontainers-2.4.0.tar.gz", hash = "sha256:25caa5a06cc30b6b83d11423433f65d1f9d76c4c6a0c90e3379eaa43b9bfdb88", size = 30594, upload-time = "2021-05-16T22:03:42.897Z" }
wheels = [
    { url = "https://files.pythonhosted.org/packages/32/46/9cb0e58b2deb7f82b84065f37f3bffeb12413f947f9388e4cac22c4621ce/sortedcontainers-2.4.0-py2.py3-none-any.whl", hash = "sha256:a163dcaede0f1c021485e957a39245190e74249897e2ae4b2aa38595db237ee0", size = 29575, upload-time = "2021-05-16T22:03:41.177Z" },
]

[[package]]
name = "test-automation-framework"
version = "0.1.0"
source = { virtual = "." }
dependencies = [
    { name = "allure-pytest" },
    { name = "mysql-connector-python" },
    { name = "pytest" },
    { name = "requests" },
    { name = "selenium" },
]

[package.metadata]
requires-dist = [
    { name = "allure-pytest", specifier = ">=2.13.5" },
    { name = "mysql-connector-python", specifier = ">=9.1.0,<10" },
    { name = "pytest", specifier = ">=8.3.2,<9" },
    { name = "requests", specifier = ">=2.32.3" },
    { name = "selenium", specifier = ">=4.27,<5" },
]

[[package]]
name = "trio"
version = "0.33.0"
source = { registry = "https://pypi.org/simple" }
dependencies = [
    { name = "attrs" },
    { name = "cffi", marker = "implementation_name != 'pypy' and os_name == 'nt'" },
    { name = "idna" },
    { name = "outcome" },
    { name = "sniffio" },
    { name = "sortedcontainers" },
]
sdist = { url = "https://files.pythonhosted.org/packages/52/b6/c744031c6f89b18b3f5f4f7338603ab381d740a7f45938c4607b2302481f/trio-0.33.0.tar.gz", hash = "sha256:a29b92b73f09d4b48ed249acd91073281a7f1063f09caba5dc70465b5c7aa970", size = 605109, upload-time = "2026-02-14T18:40:55.386Z" }
wheels = [
    { url = "https://files.pythonhosted.org/packages/1c/93/dab25dc87ac48da0fe0f6419e07d0bfd98799bed4e05e7b9e0f85a1a4b4b/trio-0.33.0-py3-none-any.whl", hash = "sha256:3bd5d87f781d9b0192d592aef28691f8951d6c2e41b7e1da4c25cde6c180ae9b", size = 510294, upload-time = "2026-02-14T18:40:53.313Z" },
]

[[package]]
name = "trio-websocket"
version = "0.12.2"
source = { registry = "https://pypi.org/simple" }
dependencies = [
    { name = "outcome" },
    { name = "trio" },
    { name = "wsproto" },
]
sdist = { url = "https://files.pythonhosted.org/packages/d1/3c/8b4358e81f2f2cfe71b66a267f023a91db20a817b9425dd964873796980a/trio_websocket-0.12.2.tar.gz", hash = "sha256:22c72c436f3d1e264d0910a3951934798dcc5b00ae56fc4ee079d46c7cf20fae", size = 33549, upload-time = "2025-02-25T05:16:58.947Z" }
wheels = [
    { url = "https://files.pythonhosted.org/packages/c7/19/eb640a397bba49ba49ef9dbe2e7e5c04202ba045b6ce2ec36e9cadc51e04/trio_websocket-0.12.2-py3-none-any.whl", hash = "sha256:df605665f1db533f4a386c94525870851096a223adcb97f72a07e8b4beba45b6", size = 21221, upload-time = "2025-02-25T05:16:57.545Z" },
]

[[package]]
name = "typing-extensions"
version = "4.16.0"
source = { registry = "https://pypi.org/simple" }
sdist = { url = "https://files.pythonhosted.org/packages/f6/cc/6253133b5bb138fc3306cebfbda2c520f545d36b5be2c7255cc528bb45d6/typing_extensions-4.16.0.tar.gz", hash = "sha256:dc983d19a509c94dba722ee6abd33940f7c05a89e243c47e907eb4db6f1a43e5", size = 113555, upload-time = "2026-07-02T08:40:05.92Z" }
wheels = [
    { url = "https://files.pythonhosted.org/packages/49/d3/b8441a820a491ddfc024b0b0cf0393375b75ea13866d9c66727e54c2fc80/typing_extensions-4.16.0-py3-none-any.whl", hash = "sha256:481caa481374e813c1b176ada14e97f1f67a4539ce9cfeb3f350d78d6370c2e8", size = 45571, upload-time = "2026-07-02T08:40:04.659Z" },
]

[[package]]
name = "urllib3"
version = "2.7.0"
source = { registry = "https://pypi.org/simple" }
sdist = { url = "https://files.pythonhosted.org/packages/53/0c/06f8b233b8fd13b9e5ee11424ef85419ba0d8ba0b3138bf360be2ff56953/urllib3-2.7.0.tar.gz", hash = "sha256:231e0ec3b63ceb14667c67be60f2f2c40a518cb38b03af60abc813da26505f4c", size = 433602, upload-time = "2026-05-07T16:13:18.596Z" }
wheels = [
    { url = "https://files.pythonhosted.org/packages/7f/3e/5db95bcf282c52709639744ca2a8b149baccf648e39c8cc87553df9eae0c/urllib3-2.7.0-py3-none-any.whl", hash = "sha256:9fb4c81ebbb1ce9531cce37674bbc6f1360472bc18ca9a553ede278ef7276897", size = 131087, upload-time = "2026-05-07T16:13:17.151Z" },
]

[package.optional-dependencies]
socks = [
    { name = "pysocks" },
]

[[package]]
name = "websocket-client"
version = "1.9.0"
source = { registry = "https://pypi.org/simple" }
sdist = { url = "https://files.pythonhosted.org/packages/2c/41/aa4bf9664e4cda14c3b39865b12251e8e7d239f4cd0e3cc1b6c2ccde25c1/websocket_client-1.9.0.tar.gz", hash = "sha256:9e813624b6eb619999a97dc7958469217c3176312b3a16a4bd1bc7e08a46ec98", size = 70576, upload-time = "2025-10-07T21:16:36.495Z" }
wheels = [
    { url = "https://files.pythonhosted.org/packages/34/db/b10e48aa8fff7407e67470363eac595018441cf32d5e1001567a7aeba5d2/websocket_client-1.9.0-py3-none-any.whl", hash = "sha256:af248a825037ef591efbf6ed20cc5faa03d3b47b9e5a2230a529eeee1c1fc3ef", size = 82616, upload-time = "2025-10-07T21:16:34.951Z" },
]

[[package]]
name = "wsproto"
version = "1.3.2"
source = { registry = "https://pypi.org/simple" }
dependencies = [
    { name = "h11" },
]
sdist = { url = "https://files.pythonhosted.org/packages/c7/79/12135bdf8b9c9367b8701c2c19a14c913c120b882d50b014ca0d38083c2c/wsproto-1.3.2.tar.gz", hash = "sha256:b86885dcf294e15204919950f666e06ffc6c7c114ca900b060d6e16293528294", size = 50116, upload-time = "2025-11-20T18:18:01.871Z" }
wheels = [
    { url = "https://files.pythonhosted.org/packages/a4/f5/10b68b7b1544245097b2a1b8238f66f2fc6dcaeb24ba5d917f52bd2eed4f/wsproto-1.3.2-py3-none-any.whl", hash = "sha256:61eea322cdf56e8cc904bd3ad7573359a242ba65688716b0710a5eb12beab584", size = 24405, upload-time = "2025-11-20T18:18:00.454Z" },
]
